
Microsoft Visual Studio Solution File, Format Version 12.00
# Visual Studio Version 16
VisualStudioVersion = 16.0.31410.357
MinimumVisualStudioVersion = 10.0.40219.1
Project("{FAE04EC0-301F-11D3-BF4B-00C04F79EFBC}") = "DAY_7_Assignment7", "DAY_7_Assignment7\DAY_7_Assignment7.csproj", "{EA7BCFB7-BD8B-4738-A5B3-85457A881715}"
EndProject
Global
	GlobalSection(SolutionConfigurationPlatforms) = preSolution
		Debug|Any CPU = Debug|Any CPU
		Release|Any CPU = Release|Any CPU
	EndGlobalSection
	GlobalSection(ProjectConfigurationPlatforms) = postSolution
		{EA7BCFB7-BD8B-4738-A5B3-85457A881715}.Debug|Any CPU.ActiveCfg = Debug|Any CPU
		{EA7BCFB7-BD8B-4738-A5B3-85457A881715}.Debug|Any CPU.Build.0 = Debug|Any CPU
		{EA7BCFB7-BD8B-4738-A5B3-85457A881715}.Release|Any CPU.ActiveCfg = Release|Any CPU
		{EA7BCFB7-BD8B-4738-A5B3-85457A881715}.Release|Any CPU.Build.0 = Release|Any CPU
	EndGlobalSection
	GlobalSection(SolutionProperties) = preSolution
		HideSolutionNode = FALSE
	EndGlobalSection
	GlobalSection(ExtensibilityGlobals) = postSolution
		SolutionGuid = {672E8B63-DB7F-4AA4-AC6E-36BC713DD84D}
	EndGlobalSection
EndGlobal
